
Microsoft Visual Studio Solution File, Format Version 12.00
# Visual Studio Version 17
VisualStudioVersion = 17.4.33205.214
MinimumVisualStudioVersion = 10.0.40219.1
Project("{FAE04EC0-301F-11D3-BF4B-00C04F79EFBC}") = "Sistema", "Sistema\Sistema.csproj", "{984C3D07-84B5-469C-A4A9-36187DE5B7E7}"
EndProject
Project("{FAE04EC0-301F-11D3-BF4B-00C04F79EFBC}") = "Domain", "Domain\Domain.csproj", "{81B2C3B7-062D-41B9-B4BF-D32A17A5F904}"
EndProject
Global
	GlobalSection(SolutionConfigurationPlatforms) = preSolution
		Debug|Any CPU = Debug|Any CPU
		Release|Any CPU = Release|Any CPU
	EndGlobalSection
	GlobalSection(ProjectConfigurationPlatforms) = postSolution
		{984C3D07-84B5-469C-A4A9-36187DE5B7E7}.Debug|Any CPU.ActiveCfg = Debug|Any CPU
		{984C3D07-84B5-469C-A4A9-36187DE5B7E7}.Debug|Any CPU.Build.0 = Debug|Any CPU
		{984C3D07-84B5-469C-A4A9-36187DE5B7E7}.Release|Any CPU.ActiveCfg = Release|Any CPU
		{984C3D07-84B5-469C-A4A9-36187DE5B7E7}.Release|Any CPU.Build.0 = Release|Any CPU
		{81B2C3B7-062D-41B9-B4BF-D32A17A5F904}.Debug|Any CPU.ActiveCfg = Debug|Any CPU
		{81B2C3B7-062D-41B9-B4BF-D32A17A5F904}.Debug|Any CPU.Build.0 = Debug|Any CPU
		{81B2C3B7-062D-41B9-B4BF-D32A17A5F904}.Release|Any CPU.ActiveCfg = Release|Any CPU
		{81B2C3B7-062D-41B9-B4BF-D32A17A5F904}.Release|Any CPU.Build.0 = Release|Any CPU
	EndGlobalSection
	GlobalSection(SolutionProperties) = preSolution
		HideSolutionNode = FALSE
	EndGlobalSection
	GlobalSection(ExtensibilityGlobals) = postSolution
		SolutionGuid = {73B0E0CB-1387-4F78-AC36-7820885EFFD6}
	EndGlobalSection
EndGlobal
